
Microsoft Visual Studio Solution File, Format Version 12.00
# Visual Studio 15
Project("{FAE04EC0-301F-11D3-BF4B-00C04F79EFBC}") = "Assembly-CSharp", "Assembly-CSharp.csproj", "{80168B8F-8645-619B-7E0B-4B1384D05687}"
EndProject
Project("{FAE04EC0-301F-11D3-BF4B-00C04F79EFBC}") = "AstarPathfindingProject", "AstarPathfindingProject.csproj", "{D8FE04C2-56A8-903D-AAD5-D5F844A687CE}"
EndProject
Project("{FAE04EC0-301F-11D3-BF4B-00C04F79EFBC}") = "AstarPathfindingProjectEditor", "AstarPathfindingProjectEditor.csproj", "{99EBE51A-1366-D446-3E34-0C5A60BFCC47}"
EndProject
Project("{FAE04EC0-301F-11D3-BF4B-00C04F79EFBC}") = "PackageToolsEditor", "PackageToolsEditor.csproj", "{F6CF48C9-DB61-DD54-676F-C3B204D855FE}"
EndProject
Global
	GlobalSection(SolutionConfigurationPlatforms) = preSolution
		Debug|Any CPU = Debug|Any CPU
		Release|Any CPU = Release|Any CPU
	EndGlobalSection
	GlobalSection(ProjectConfigurationPlatforms) = postSolution
		{80168B8F-8645-619B-7E0B-4B1384D05687}.Debug|Any CPU.ActiveCfg = Debug|Any CPU
		{80168B8F-8645-619B-7E0B-4B1384D05687}.Debug|Any CPU.Build.0 = Debug|Any CPU
		{80168B8F-8645-619B-7E0B-4B1384D05687}.Release|Any CPU.ActiveCfg = Release|Any CPU
		{80168B8F-8645-619B-7E0B-4B1384D05687}.Release|Any CPU.Build.0 = Release|Any CPU
		{D8FE04C2-56A8-903D-AAD5-D5F844A687CE}.Debug|Any CPU.ActiveCfg = Debug|Any CPU
		{D8FE04C2-56A8-903D-AAD5-D5F844A687CE}.Debug|Any CPU.Build.0 = Debug|Any CPU
		{D8FE04C2-56A8-903D-AAD5-D5F844A687CE}.Release|Any CPU.ActiveCfg = Release|Any CPU
		{D8FE04C2-56A8-903D-AAD5-D5F844A687CE}.Release|Any CPU.Build.0 = Release|Any CPU
		{99EBE51A-1366-D446-3E34-0C5A60BFCC47}.Debug|Any CPU.ActiveCfg = Debug|Any CPU
		{99EBE51A-1366-D446-3E34-0C5A60BFCC47}.Debug|Any CPU.Build.0 = Debug|Any CPU
		{99EBE51A-1366-D446-3E34-0C5A60BFCC47}.Release|Any CPU.ActiveCfg = Release|Any CPU
		{99EBE51A-1366-D446-3E34-0C5A60BFCC47}.Release|Any CPU.Build.0 = Release|Any CPU
		{F6CF48C9-DB61-DD54-676F-C3B204D855FE}.Debug|Any CPU.ActiveCfg = Debug|Any CPU
		{F6CF48C9-DB61-DD54-676F-C3B204D855FE}.Debug|Any CPU.Build.0 = Debug|Any CPU
		{F6CF48C9-DB61-DD54-676F-C3B204D855FE}.Release|Any CPU.ActiveCfg = Release|Any CPU
		{F6CF48C9-DB61-DD54-676F-C3B204D855FE}.Release|Any CPU.Build.0 = Release|Any CPU
	EndGlobalSection
	GlobalSection(SolutionProperties) = preSolution
		HideSolutionNode = FALSE
	EndGlobalSection
EndGlobal
