
Microsoft Visual Studio Solution File, Format Version 12.00
# Visual Studio 15
Project("{FAE04EC0-301F-11D3-BF4B-00C04F79EFBC}") = "Assembly-CSharp", "Assembly-CSharp.csproj", "{1488FD6F-A0F7-9B14-32B5-D6EF73D9C666}"
EndProject
Project("{FAE04EC0-301F-11D3-BF4B-00C04F79EFBC}") = "AstarPathfindingProject", "AstarPathfindingProject.csproj", "{8E2B62AD-EF56-CD5A-BAE5-FE6A13E93BED}"
EndProject
Project("{FAE04EC0-301F-11D3-BF4B-00C04F79EFBC}") = "AstarPathfindingProjectEditor", "AstarPathfindingProjectEditor.csproj", "{CA37DCD0-51BA-E1C0-91BB-41F2FB120D37}"
EndProject
Project("{FAE04EC0-301F-11D3-BF4B-00C04F79EFBC}") = "PackageToolsEditor", "PackageToolsEditor.csproj", "{90EA820E-56E9-5B54-A14D-1F573E2786B2}"
EndProject
Global
	GlobalSection(SolutionConfigurationPlatforms) = preSolution
		Debug|Any CPU = Debug|Any CPU
		Release|Any CPU = Release|Any CPU
	EndGlobalSection
	GlobalSection(ProjectConfigurationPlatforms) = postSolution
		{1488FD6F-A0F7-9B14-32B5-D6EF73D9C666}.Debug|Any CPU.ActiveCfg = Debug|Any CPU
		{1488FD6F-A0F7-9B14-32B5-D6EF73D9C666}.Debug|Any CPU.Build.0 = Debug|Any CPU
		{1488FD6F-A0F7-9B14-32B5-D6EF73D9C666}.Release|Any CPU.ActiveCfg = Release|Any CPU
		{1488FD6F-A0F7-9B14-32B5-D6EF73D9C666}.Release|Any CPU.Build.0 = Release|Any CPU
		{8E2B62AD-EF56-CD5A-BAE5-FE6A13E93BED}.Debug|Any CPU.ActiveCfg = Debug|Any CPU
		{8E2B62AD-EF56-CD5A-BAE5-FE6A13E93BED}.Debug|Any CPU.Build.0 = Debug|Any CPU
		{8E2B62AD-EF56-CD5A-BAE5-FE6A13E93BED}.Release|Any CPU.ActiveCfg = Release|Any CPU
		{8E2B62AD-EF56-CD5A-BAE5-FE6A13E93BED}.Release|Any CPU.Build.0 = Release|Any CPU
		{CA37DCD0-51BA-E1C0-91BB-41F2FB120D37}.Debug|Any CPU.ActiveCfg = Debug|Any CPU
		{CA37DCD0-51BA-E1C0-91BB-41F2FB120D37}.Debug|Any CPU.Build.0 = Debug|Any CPU
		{CA37DCD0-51BA-E1C0-91BB-41F2FB120D37}.Release|Any CPU.ActiveCfg = Release|Any CPU
		{CA37DCD0-51BA-E1C0-91BB-41F2FB120D37}.Release|Any CPU.Build.0 = Release|Any CPU
		{90EA820E-56E9-5B54-A14D-1F573E2786B2}.Debug|Any CPU.ActiveCfg = Debug|Any CPU
		{90EA820E-56E9-5B54-A14D-1F573E2786B2}.Debug|Any CPU.Build.0 = Debug|Any CPU
		{90EA820E-56E9-5B54-A14D-1F573E2786B2}.Release|Any CPU.ActiveCfg = Release|Any CPU
		{90EA820E-56E9-5B54-A14D-1F573E2786B2}.Release|Any CPU.Build.0 = Release|Any CPU
	EndGlobalSection
	GlobalSection(SolutionProperties) = preSolution
		HideSolutionNode = FALSE
	EndGlobalSection
EndGlobal
